{
  "version": 4,
  "terraform_version": "1.4.0",
  "serial": 4,
  "lineage": "7f154660-18c0-9308-03c5-52954eda48d2",
  "outputs": {},
  "resources": [
    {
      "mode": "managed",
      "type": "linode_instance",
      "name": "attack_server",
      "provider": "provider[\"registry.terraform.io/linode/linode\"]",
      "instances": [
        {
          "schema_version": 0,
          "attributes": {
            "alerts": [
              {
                "cpu": 90,
                "io": 10000,
                "network_in": 10,
                "network_out": 10,
                "transfer_quota": 80
              }
            ],
            "authorized_keys": null,
            "authorized_users": null,
            "backup_id": null,
            "backups": [
              {
                "available": false,
                "enabled": false,
                "schedule": [
                  {
                    "day": "",
                    "window": ""
                  }
                ]
              }
            ],
            "backups_enabled": false,
            "boot_config_label": "My Debian 10 Disk Profile",
            "booted": true,
            "config": [
              {
                "comments": "",
                "devices": [
                  {
                    "sda": [
                      {
                        "disk_id": 88373632,
                        "disk_label": "Debian 10 Disk",
                        "volume_id": 0
                      }
                    ],
                    "sdb": [
                      {
                        "disk_id": 88373633,
                        "disk_label": "256 MB Swap Image",
                        "volume_id": 0
                      }
                    ],
                    "sdc": [],
                    "sdd": [],
                    "sde": [],
                    "sdf": [],
                    "sdg": [],
                    "sdh": []
                  }
                ],
                "helpers": [
                  {
                    "devtmpfs_automount": true,
                    "distro": true,
                    "modules_dep": true,
                    "network": true,
                    "updatedb_disabled": true
                  }
                ],
                "interface": [],
                "kernel": "linode/grub2",
                "label": "My Debian 10 Disk Profile",
                "memory_limit": 0,
                "root_device": "/dev/sda",
                "run_level": "default",
                "virt_mode": "paravirt"
              }
            ],
            "disk": [
              {
                "authorized_keys": [],
                "authorized_users": [],
                "filesystem": "ext4",
                "id": 88373632,
                "image": "",
                "label": "Debian 10 Disk",
                "read_only": false,
                "root_pass": "",
                "size": 25344,
                "stackscript_data": {},
                "stackscript_id": 0
              },
              {
                "authorized_keys": [],
                "authorized_users": [],
                "filesystem": "swap",
                "id": 88373633,
                "image": "",
                "label": "256 MB Swap Image",
                "read_only": false,
                "root_pass": "",
                "size": 256,
                "stackscript_data": {},
                "stackscript_id": 0
              }
            ],
            "group": "cloud_servers",
            "host_uuid": "105cf263e20c25e3e65e36f918e5ca3d8b37d6d3",
            "id": "44258146",
            "image": "linode/debian10",
            "interface": [],
            "ip_address": "45.79.11.124",
            "ipv4": [
              "192.168.164.143",
              "45.79.11.124"
            ],
            "ipv6": "2600:3c00::f03c:93ff:fe4d:1786/128",
            "label": "attack_server",
            "private_ip": true,
            "private_ip_address": "192.168.164.143",
            "region": "us-central",
            "resize_disk": false,
            "root_pass": "xUS6uzGrjUyFxhKGOzKCV1GGzOjOC+kxlhajNOtK68p9IhTNPM3ZbNDwPjZbT+pFa1GQ0Zr9phKZMHJg9v6wAQ==",
            "shared_ipv4": [],
            "specs": [
              {
                "disk": 25600,
                "memory": 1024,
                "transfer": 1000,
                "vcpus": 1
              }
            ],
            "stackscript_data": null,
            "stackscript_id": null,
            "status": "running",
            "swap_size": 256,
            "tags": [
              "cloud_servers"
            ],
            "timeouts": null,
            "type": "g6-nanode-1",
            "watchdog_enabled": true
          },
          "sensitive_attributes": [],
          "private": "eyJlMmJmYjczMC1lY2FhLTExZTYtOGY4OC0zNDM2M2JjN2M0YzAiOnsiY3JlYXRlIjo2MDAwMDAwMDAwMDAsImRlbGV0ZSI6NjAwMDAwMDAwMDAwLCJ1cGRhdGUiOjEyMDAwMDAwMDAwMDB9fQ=="
        }
      ]
    },
    {
      "mode": "managed",
      "type": "linode_instance",
      "name": "defense_server",
      "provider": "provider[\"registry.terraform.io/linode/linode\"]",
      "instances": [
        {
          "status": "tainted",
          "schema_version": 0,
          "attributes": {
            "alerts": [
              {
                "cpu": 90,
                "io": 10000,
                "network_in": 10,
                "network_out": 10,
                "transfer_quota": 80
              }
            ],
            "authorized_keys": null,
            "authorized_users": null,
            "backup_id": null,
            "backups": [
              {
                "available": false,
                "enabled": false,
                "schedule": [
                  {
                    "day": "",
                    "window": ""
                  }
                ]
              }
            ],
            "backups_enabled": false,
            "boot_config_label": "My Debian 10 Disk Profile",
            "booted": true,
            "config": [
              {
                "comments": "",
                "devices": [
                  {
                    "sda": [
                      {
                        "disk_id": 88373638,
                        "disk_label": "Debian 10 Disk",
                        "volume_id": 0
                      }
                    ],
                    "sdb": [
                      {
                        "disk_id": 88373639,
                        "disk_label": "256 MB Swap Image",
                        "volume_id": 0
                      }
                    ],
                    "sdc": [],
                    "sdd": [],
                    "sde": [],
                    "sdf": [],
                    "sdg": [],
                    "sdh": []
                  }
                ],
                "helpers": [
                  {
                    "devtmpfs_automount": true,
                    "distro": true,
                    "modules_dep": true,
                    "network": true,
                    "updatedb_disabled": true
                  }
                ],
                "interface": [],
                "kernel": "linode/grub2",
                "label": "My Debian 10 Disk Profile",
                "memory_limit": 0,
                "root_device": "/dev/sda",
                "run_level": "default",
                "virt_mode": "paravirt"
              }
            ],
            "disk": [
              {
                "authorized_keys": [],
                "authorized_users": [],
                "filesystem": "ext4",
                "id": 88373638,
                "image": "",
                "label": "Debian 10 Disk",
                "read_only": false,
                "root_pass": "",
                "size": 25344,
                "stackscript_data": {},
                "stackscript_id": 0
              },
              {
                "authorized_keys": [],
                "authorized_users": [],
                "filesystem": "swap",
                "id": 88373639,
                "image": "",
                "label": "256 MB Swap Image",
                "read_only": false,
                "root_pass": "",
                "size": 256,
                "stackscript_data": {},
                "stackscript_id": 0
              }
            ],
            "group": "cloud_servers",
            "host_uuid": "d89c61039a370633515bbfafbb77870af2776f1d",
            "id": "44258149",
            "image": "linode/debian10",
            "interface": [],
            "ip_address": "45.79.55.207",
            "ipv4": [
              "192.168.146.117",
              "45.79.55.207"
            ],
            "ipv6": "2600:3c00::f03c:93ff:fe4d:1754/128",
            "label": "defense_server",
            "private_ip": true,
            "private_ip_address": "192.168.146.117",
            "region": "us-central",
            "resize_disk": false,
            "root_pass": "xUS6uzGrjUyFxhKGOzKCV1GGzOjOC+kxlhajNOtK68p9IhTNPM3ZbNDwPjZbT+pFa1GQ0Zr9phKZMHJg9v6wAQ==",
            "shared_ipv4": [],
            "specs": [
              {
                "disk": 25600,
                "memory": 1024,
                "transfer": 1000,
                "vcpus": 1
              }
            ],
            "stackscript_data": null,
            "stackscript_id": null,
            "status": "running",
            "swap_size": 256,
            "tags": [
              "cloud_servers"
            ],
            "timeouts": null,
            "type": "g6-nanode-1",
            "watchdog_enabled": true
          },
          "sensitive_attributes": [],
          "private": "eyJlMmJmYjczMC1lY2FhLTExZTYtOGY4OC0zNDM2M2JjN2M0YzAiOnsiY3JlYXRlIjo2MDAwMDAwMDAwMDAsImRlbGV0ZSI6NjAwMDAwMDAwMDAwLCJ1cGRhdGUiOjEyMDAwMDAwMDAwMDB9fQ=="
        }
      ]
    },
    {
      "mode": "managed",
      "type": "linode_instance",
      "name": "game_host",
      "provider": "provider[\"registry.terraform.io/linode/linode\"]",
      "instances": [
        {
          "schema_version": 0,
          "attributes": {
            "alerts": [
              {
                "cpu": 90,
                "io": 10000,
                "network_in": 10,
                "network_out": 10,
                "transfer_quota": 80
              }
            ],
            "authorized_keys": null,
            "authorized_users": null,
            "backup_id": null,
            "backups": [
              {
                "available": false,
                "enabled": false,
                "schedule": [
                  {
                    "day": "",
                    "window": ""
                  }
                ]
              }
            ],
            "backups_enabled": false,
            "boot_config_label": "My Debian 10 Disk Profile",
            "booted": true,
            "config": [
              {
                "comments": "",
                "devices": [
                  {
                    "sda": [
                      {
                        "disk_id": 88373636,
                        "disk_label": "Debian 10 Disk",
                        "volume_id": 0
                      }
                    ],
                    "sdb": [
                      {
                        "disk_id": 88373637,
                        "disk_label": "256 MB Swap Image",
                        "volume_id": 0
                      }
                    ],
                    "sdc": [],
                    "sdd": [],
                    "sde": [],
                    "sdf": [],
                    "sdg": [],
                    "sdh": []
                  }
                ],
                "helpers": [
                  {
                    "devtmpfs_automount": true,
                    "distro": true,
                    "modules_dep": true,
                    "network": true,
                    "updatedb_disabled": true
                  }
                ],
                "interface": [],
                "kernel": "linode/grub2",
                "label": "My Debian 10 Disk Profile",
                "memory_limit": 0,
                "root_device": "/dev/sda",
                "run_level": "default",
                "virt_mode": "paravirt"
              }
            ],
            "disk": [
              {
                "authorized_keys": [],
                "authorized_users": [],
                "filesystem": "ext4",
                "id": 88373636,
                "image": "",
                "label": "Debian 10 Disk",
                "read_only": false,
                "root_pass": "",
                "size": 25344,
                "stackscript_data": {},
                "stackscript_id": 0
              },
              {
                "authorized_keys": [],
                "authorized_users": [],
                "filesystem": "swap",
                "id": 88373637,
                "image": "",
                "label": "256 MB Swap Image",
                "read_only": false,
                "root_pass": "",
                "size": 256,
                "stackscript_data": {},
                "stackscript_id": 0
              }
            ],
            "group": "cloud_servers",
            "host_uuid": "11310b3280bbdb8c91689dfc090bbb66325ef428",
            "id": "44258148",
            "image": "linode/debian10",
            "interface": [],
            "ip_address": "192.53.162.193",
            "ipv4": [
              "192.168.211.58",
              "192.53.162.193"
            ],
            "ipv6": "2600:3c00::f03c:93ff:fe4d:17bc/128",
            "label": "game_host",
            "private_ip": true,
            "private_ip_address": "192.168.211.58",
            "region": "us-central",
            "resize_disk": false,
            "root_pass": "xUS6uzGrjUyFxhKGOzKCV1GGzOjOC+kxlhajNOtK68p9IhTNPM3ZbNDwPjZbT+pFa1GQ0Zr9phKZMHJg9v6wAQ==",
            "shared_ipv4": [],
            "specs": [
              {
                "disk": 25600,
                "memory": 1024,
                "transfer": 1000,
                "vcpus": 1
              }
            ],
            "stackscript_data": null,
            "stackscript_id": null,
            "status": "running",
            "swap_size": 256,
            "tags": [
              "cloud_servers"
            ],
            "timeouts": null,
            "type": "g6-nanode-1",
            "watchdog_enabled": true
          },
          "sensitive_attributes": [],
          "private": "eyJlMmJmYjczMC1lY2FhLTExZTYtOGY4OC0zNDM2M2JjN2M0YzAiOnsiY3JlYXRlIjo2MDAwMDAwMDAwMDAsImRlbGV0ZSI6NjAwMDAwMDAwMDAwLCJ1cGRhdGUiOjEyMDAwMDAwMDAwMDB9fQ=="
        }
      ]
    }
  ],
  "check_results": null
}
